
Microsoft Visual Studio Solution File, Format Version 12.00
# Visual Studio Version 17
VisualStudioVersion = 17.5.002.0
MinimumVisualStudioVersion = 10.0.40219.1
Project("{9A19103F-16F7-4668-BE54-9A1E7A4F7556}") = "BoilerplateWebApp", "BoilerplateWebApp.csproj", "{293A851C-342E-4656-B1FA-031F67621351}"
EndProject
Global
	GlobalSection(SolutionConfigurationPlatforms) = preSolution
		Debug|Any CPU = Debug|Any CPU
		Release|Any CPU = Release|Any CPU
	EndGlobalSection
	GlobalSection(ProjectConfigurationPlatforms) = postSolution
		{293A851C-342E-4656-B1FA-031F67621351}.Debug|Any CPU.ActiveCfg = Debug|Any CPU
		{293A851C-342E-4656-B1FA-031F67621351}.Debug|Any CPU.Build.0 = Debug|Any CPU
		{293A851C-342E-4656-B1FA-031F67621351}.Release|Any CPU.ActiveCfg = Release|Any CPU
		{293A851C-342E-4656-B1FA-031F67621351}.Release|Any CPU.Build.0 = Release|Any CPU
	EndGlobalSection
	GlobalSection(SolutionProperties) = preSolution
		HideSolutionNode = FALSE
	EndGlobalSection
	GlobalSection(ExtensibilityGlobals) = postSolution
		SolutionGuid = {10EB8620-9276-466F-A05B-BEFEE7F7FD51}
	EndGlobalSection
EndGlobal
